{
  "name": "eslint-config-mrdgh2821",
  "version": "1.0.0",
  "lockfileVersion": 2,
  "requires": true,
  "packages": {
    "": {
      "name": "eslint-config-mrdgh2821",
      "version": "1.0.0",
      "license": "MIT",
      "dependencies": {
        "prettier-config-mrdgh2821": "^1.0.0"
      }
    },
    "node_modules/prettier-config-mrdgh2821": {
      "version": "1.0.0",
      "resolved": "https://registry.npmjs.org/prettier-config-mrdgh2821/-/prettier-config-mrdgh2821-1.0.0.tgz",
      "integrity": "sha512-OWVi46oVXvZw8PytQc2pQ3KOqEKOHYVrz7QFJFT1/6eHLYlxpqaxtlXjEfGAsCCCk9OyQt0ZkArAs0sy1+htyQ=="
    }
  },
  "dependencies": {
    "prettier-config-mrdgh2821": {
      "version": "1.0.0",
      "resolved": "https://registry.npmjs.org/prettier-config-mrdgh2821/-/prettier-config-mrdgh2821-1.0.0.tgz",
      "integrity": "sha512-OWVi46oVXvZw8PytQc2pQ3KOqEKOHYVrz7QFJFT1/6eHLYlxpqaxtlXjEfGAsCCCk9OyQt0ZkArAs0sy1+htyQ=="
    }
  }
}
